
Microsoft Visual Studio Solution File, Format Version 12.00
# Visual Studio Version 17
VisualStudioVersion = 17.5.33516.290
MinimumVisualStudioVersion = 10.0.40219.1
Project("{FAE04EC0-301F-11D3-BF4B-00C04F79EFBC}") = "Lab1", "Lab1.csproj", "{65C3BD62-5082-43F3-955C-61AD5046BE8C}"
EndProject
Global
	GlobalSection(SolutionConfigurationPlatforms) = preSolution
		Debug|Any CPU = Debug|Any CPU
		Release|Any CPU = Release|Any CPU
	EndGlobalSection
	GlobalSection(ProjectConfigurationPlatforms) = postSolution
		{65C3BD62-5082-43F3-955C-61AD5046BE8C}.Debug|Any CPU.ActiveCfg = Debug|Any CPU
		{65C3BD62-5082-43F3-955C-61AD5046BE8C}.Debug|Any CPU.Build.0 = Debug|Any CPU
		{65C3BD62-5082-43F3-955C-61AD5046BE8C}.Release|Any CPU.ActiveCfg = Release|Any CPU
		{65C3BD62-5082-43F3-955C-61AD5046BE8C}.Release|Any CPU.Build.0 = Release|Any CPU
	EndGlobalSection
	GlobalSection(SolutionProperties) = preSolution
		HideSolutionNode = FALSE
	EndGlobalSection
	GlobalSection(ExtensibilityGlobals) = postSolution
		SolutionGuid = {D36457BF-F935-4110-810F-03BBE6ED0BF3}
	EndGlobalSection
EndGlobal
